
Microsoft Visual Studio Solution File, Format Version 12.00
Project("{2150E333-8FDC-42A3-9474-1A3956D46DE8}") = "src", "src", "{B4CB2FA4-FB8C-4393-91A2-082ECAFAE696}"
EndProject
Project("{2150E333-8FDC-42A3-9474-1A3956D46DE8}") = "backend", "backend", "{0F446D9A-8F20-4B59-A65B-3E35F920ECA6}"
EndProject
Project("{2150E333-8FDC-42A3-9474-1A3956D46DE8}") = "frontend", "frontend", "{839C8D5D-1EEF-4DF9-98D2-EF8517935699}"
EndProject
Project("{2150E333-8FDC-42A3-9474-1A3956D46DE8}") = "auth", "auth", "{3FF71AFA-519E-42E0-9076-2C38796D30A1}"
EndProject
Project("{2150E333-8FDC-42A3-9474-1A3956D46DE8}") = "service", "service", "{00523245-6969-49A5-8305-DE4D3A80ADAD}"
EndProject
Project("{FAE04EC0-301F-11D3-BF4B-00C04F79EFBC}") = "Backend.Auth.Api", "src\Backend.Auth.Api\Backend.Auth.Api.csproj", "{C2DB2350-B68F-4269-860B-276D6F1A19F5}"
EndProject
Project("{FAE04EC0-301F-11D3-BF4B-00C04F79EFBC}") = "Backend.Auth.Application", "src\Backend.Auth.Application\Backend.Auth.Application.csproj", "{FBDA4785-1CF3-45FC-BF95-0128E3949BE7}"
EndProject
Global
	GlobalSection(SolutionConfigurationPlatforms) = preSolution
		Debug|Any CPU = Debug|Any CPU
		Release|Any CPU = Release|Any CPU
	EndGlobalSection
	GlobalSection(NestedProjects) = preSolution
		{0F446D9A-8F20-4B59-A65B-3E35F920ECA6} = {B4CB2FA4-FB8C-4393-91A2-082ECAFAE696}
		{839C8D5D-1EEF-4DF9-98D2-EF8517935699} = {B4CB2FA4-FB8C-4393-91A2-082ECAFAE696}
		{3FF71AFA-519E-42E0-9076-2C38796D30A1} = {0F446D9A-8F20-4B59-A65B-3E35F920ECA6}
		{00523245-6969-49A5-8305-DE4D3A80ADAD} = {B4CB2FA4-FB8C-4393-91A2-082ECAFAE696}
		{C2DB2350-B68F-4269-860B-276D6F1A19F5} = {3FF71AFA-519E-42E0-9076-2C38796D30A1}
		{FBDA4785-1CF3-45FC-BF95-0128E3949BE7} = {3FF71AFA-519E-42E0-9076-2C38796D30A1}
	EndGlobalSection
	GlobalSection(ProjectConfigurationPlatforms) = postSolution
		{C2DB2350-B68F-4269-860B-276D6F1A19F5}.Debug|Any CPU.ActiveCfg = Debug|Any CPU
		{C2DB2350-B68F-4269-860B-276D6F1A19F5}.Debug|Any CPU.Build.0 = Debug|Any CPU
		{C2DB2350-B68F-4269-860B-276D6F1A19F5}.Release|Any CPU.ActiveCfg = Release|Any CPU
		{C2DB2350-B68F-4269-860B-276D6F1A19F5}.Release|Any CPU.Build.0 = Release|Any CPU
		{FBDA4785-1CF3-45FC-BF95-0128E3949BE7}.Debug|Any CPU.ActiveCfg = Debug|Any CPU
		{FBDA4785-1CF3-45FC-BF95-0128E3949BE7}.Debug|Any CPU.Build.0 = Debug|Any CPU
		{FBDA4785-1CF3-45FC-BF95-0128E3949BE7}.Release|Any CPU.ActiveCfg = Release|Any CPU
		{FBDA4785-1CF3-45FC-BF95-0128E3949BE7}.Release|Any CPU.Build.0 = Release|Any CPU
	EndGlobalSection
EndGlobal
